
Microsoft Visual Studio Solution File, Format Version 12.00
# Visual Studio 15
VisualStudioVersion = 15.0.26430.6
MinimumVisualStudioVersion = 10.0.40219.1
Project("{2150E333-8FDC-42A3-9474-1A3956D46DE8}") = ".nuget", ".nuget", "{B4689301-23C4-4B78-B765-6BC03C5DF010}"
	ProjectSection(SolutionItems) = preProject
		.nuget\NuGet.Config = .nuget\NuGet.Config
		.nuget\NuGet.exe = .nuget\NuGet.exe
		.nuget\NuGet.targets = .nuget\NuGet.targets
	EndProjectSection
EndProject
Project("{FAE04EC0-301F-11D3-BF4B-00C04F79EFBC}") = "Sketch.Web", "Sketch.Web\Sketch.Web.csproj", "{3BA54107-0A15-4579-B370-CFD01943AA7D}"
EndProject
Project("{FAE04EC0-301F-11D3-BF4B-00C04F79EFBC}") = "Sketch.Test", "Sketch.Test\Sketch.Test.csproj", "{88CEB833-5044-406A-91BB-C679A5C9B431}"
EndProject
Project("{FAE04EC0-301F-11D3-BF4B-00C04F79EFBC}") = "Sketch.StockPhotoImporter", "Sketch.StockPhotoImporter\Sketch.StockPhotoImporter.csproj", "{37AD1ABF-51E3-4146-8AEC-18BC8ECA4010}"
EndProject
Project("{FAE04EC0-301F-11D3-BF4B-00C04F79EFBC}") = "Sketch.Core", "Sketch.Core\Sketch.Core.csproj", "{7A0E3F24-27B4-4F13-AFF7-2BAB4621CA9B}"
EndProject
Project("{FAE04EC0-301F-11D3-BF4B-00C04F79EFBC}") = "Sketch.EventStoreUtility", "Sketch.EventStoreUtility\Sketch.EventStoreUtility.csproj", "{5AAD4A2B-5B21-4A78-9922-01F3E5B10385}"
EndProject
Project("{CC5FD16D-436D-48AD-A40C-5A424C6E3E79}") = "Sketch.Cloud", "Sketch.Cloud\Sketch.Cloud.ccproj", "{815ACAFD-0DCC-4CCE-9866-973FAF2AF19B}"
EndProject
Project("{9A19103F-16F7-4668-BE54-9A1E7A4F7556}") = "SketchCore.Core", "SketchCore.Core\SketchCore.Core.csproj", "{9103365A-8A6B-4692-84B0-0A9643A6E1D5}"
EndProject
Project("{9A19103F-16F7-4668-BE54-9A1E7A4F7556}") = "SketchCore.Web", "SketchCore.Web\SketchCore.Web.csproj", "{D975AD7B-6225-49D7-B000-9A5F66FCD956}"
EndProject
Project("{FAE04EC0-301F-11D3-BF4B-00C04F79EFBC}") = "SketchCore.StockPhotoImporter", "SketchCore.StockPhotoImporter\SketchCore.StockPhotoImporter.csproj", "{7A489FBE-E1B3-4C0B-AFEA-733A0874DFA9}"
EndProject
Global
	GlobalSection(SolutionConfigurationPlatforms) = preSolution
		Debug|Any CPU = Debug|Any CPU
		Release|Any CPU = Release|Any CPU
	EndGlobalSection
	GlobalSection(ProjectConfigurationPlatforms) = postSolution
		{3BA54107-0A15-4579-B370-CFD01943AA7D}.Debug|Any CPU.ActiveCfg = Debug|Any CPU
		{3BA54107-0A15-4579-B370-CFD01943AA7D}.Debug|Any CPU.Build.0 = Debug|Any CPU
		{3BA54107-0A15-4579-B370-CFD01943AA7D}.Release|Any CPU.ActiveCfg = Release|Any CPU
		{3BA54107-0A15-4579-B370-CFD01943AA7D}.Release|Any CPU.Build.0 = Release|Any CPU
		{88CEB833-5044-406A-91BB-C679A5C9B431}.Debug|Any CPU.ActiveCfg = Debug|Any CPU
		{88CEB833-5044-406A-91BB-C679A5C9B431}.Debug|Any CPU.Build.0 = Debug|Any CPU
		{88CEB833-5044-406A-91BB-C679A5C9B431}.Release|Any CPU.ActiveCfg = Release|Any CPU
		{88CEB833-5044-406A-91BB-C679A5C9B431}.Release|Any CPU.Build.0 = Release|Any CPU
		{37AD1ABF-51E3-4146-8AEC-18BC8ECA4010}.Debug|Any CPU.ActiveCfg = Debug|Any CPU
		{37AD1ABF-51E3-4146-8AEC-18BC8ECA4010}.Debug|Any CPU.Build.0 = Debug|Any CPU
		{37AD1ABF-51E3-4146-8AEC-18BC8ECA4010}.Release|Any CPU.ActiveCfg = Release|Any CPU
		{37AD1ABF-51E3-4146-8AEC-18BC8ECA4010}.Release|Any CPU.Build.0 = Release|Any CPU
		{7A0E3F24-27B4-4F13-AFF7-2BAB4621CA9B}.Debug|Any CPU.ActiveCfg = Debug|Any CPU
		{7A0E3F24-27B4-4F13-AFF7-2BAB4621CA9B}.Debug|Any CPU.Build.0 = Debug|Any CPU
		{7A0E3F24-27B4-4F13-AFF7-2BAB4621CA9B}.Release|Any CPU.ActiveCfg = Release|Any CPU
		{7A0E3F24-27B4-4F13-AFF7-2BAB4621CA9B}.Release|Any CPU.Build.0 = Release|Any CPU
		{5AAD4A2B-5B21-4A78-9922-01F3E5B10385}.Debug|Any CPU.ActiveCfg = Debug|Any CPU
		{5AAD4A2B-5B21-4A78-9922-01F3E5B10385}.Debug|Any CPU.Build.0 = Debug|Any CPU
		{5AAD4A2B-5B21-4A78-9922-01F3E5B10385}.Release|Any CPU.ActiveCfg = Release|Any CPU
		{5AAD4A2B-5B21-4A78-9922-01F3E5B10385}.Release|Any CPU.Build.0 = Release|Any CPU
		{815ACAFD-0DCC-4CCE-9866-973FAF2AF19B}.Debug|Any CPU.ActiveCfg = Debug|Any CPU
		{815ACAFD-0DCC-4CCE-9866-973FAF2AF19B}.Debug|Any CPU.Build.0 = Debug|Any CPU
		{815ACAFD-0DCC-4CCE-9866-973FAF2AF19B}.Release|Any CPU.ActiveCfg = Release|Any CPU
		{815ACAFD-0DCC-4CCE-9866-973FAF2AF19B}.Release|Any CPU.Build.0 = Release|Any CPU
		{9103365A-8A6B-4692-84B0-0A9643A6E1D5}.Debug|Any CPU.ActiveCfg = Debug|Any CPU
		{9103365A-8A6B-4692-84B0-0A9643A6E1D5}.Debug|Any CPU.Build.0 = Debug|Any CPU
		{9103365A-8A6B-4692-84B0-0A9643A6E1D5}.Release|Any CPU.ActiveCfg = Release|Any CPU
		{9103365A-8A6B-4692-84B0-0A9643A6E1D5}.Release|Any CPU.Build.0 = Release|Any CPU
		{D975AD7B-6225-49D7-B000-9A5F66FCD956}.Debug|Any CPU.ActiveCfg = Debug|Any CPU
		{D975AD7B-6225-49D7-B000-9A5F66FCD956}.Debug|Any CPU.Build.0 = Debug|Any CPU
		{D975AD7B-6225-49D7-B000-9A5F66FCD956}.Release|Any CPU.ActiveCfg = Release|Any CPU
		{D975AD7B-6225-49D7-B000-9A5F66FCD956}.Release|Any CPU.Build.0 = Release|Any CPU
		{7A489FBE-E1B3-4C0B-AFEA-733A0874DFA9}.Debug|Any CPU.ActiveCfg = Debug|Any CPU
		{7A489FBE-E1B3-4C0B-AFEA-733A0874DFA9}.Debug|Any CPU.Build.0 = Debug|Any CPU
		{7A489FBE-E1B3-4C0B-AFEA-733A0874DFA9}.Release|Any CPU.ActiveCfg = Release|Any CPU
		{7A489FBE-E1B3-4C0B-AFEA-733A0874DFA9}.Release|Any CPU.Build.0 = Release|Any CPU
	EndGlobalSection
	GlobalSection(SolutionProperties) = preSolution
		HideSolutionNode = FALSE
	EndGlobalSection
EndGlobal
