
Microsoft Visual Studio Solution File, Format Version 12.00
# Visual Studio 15
VisualStudioVersion = 15.0.26730.12
MinimumVisualStudioVersion = 10.0.40219.1
Project("{9A19103F-16F7-4668-BE54-9A1E7A4F7556}") = "SketchCore.Core", "SketchCore.Core\SketchCore.Core.csproj", "{9103365A-8A6B-4692-84B0-0A9643A6E1D5}"
EndProject
Project("{9A19103F-16F7-4668-BE54-9A1E7A4F7556}") = "SketchCore.Web", "SketchCore.Web\SketchCore.Web.csproj", "{D975AD7B-6225-49D7-B000-9A5F66FCD956}"
EndProject
Project("{9A19103F-16F7-4668-BE54-9A1E7A4F7556}") = "SketchCore.Functions", "SketchCore.Functions\SketchCore.Functions.csproj", "{D8FEC406-2C11-4795-BDB7-F4DF67BC5BEA}"
EndProject
Global
	GlobalSection(SolutionConfigurationPlatforms) = preSolution
		Debug|Any CPU = Debug|Any CPU
		Release|Any CPU = Release|Any CPU
	EndGlobalSection
	GlobalSection(ProjectConfigurationPlatforms) = postSolution
		{9103365A-8A6B-4692-84B0-0A9643A6E1D5}.Debug|Any CPU.ActiveCfg = Debug|Any CPU
		{9103365A-8A6B-4692-84B0-0A9643A6E1D5}.Debug|Any CPU.Build.0 = Debug|Any CPU
		{9103365A-8A6B-4692-84B0-0A9643A6E1D5}.Release|Any CPU.ActiveCfg = Release|Any CPU
		{9103365A-8A6B-4692-84B0-0A9643A6E1D5}.Release|Any CPU.Build.0 = Release|Any CPU
		{D975AD7B-6225-49D7-B000-9A5F66FCD956}.Debug|Any CPU.ActiveCfg = Debug|Any CPU
		{D975AD7B-6225-49D7-B000-9A5F66FCD956}.Debug|Any CPU.Build.0 = Debug|Any CPU
		{D975AD7B-6225-49D7-B000-9A5F66FCD956}.Release|Any CPU.ActiveCfg = Release|Any CPU
		{D975AD7B-6225-49D7-B000-9A5F66FCD956}.Release|Any CPU.Build.0 = Release|Any CPU
		{D8FEC406-2C11-4795-BDB7-F4DF67BC5BEA}.Debug|Any CPU.ActiveCfg = Debug|Any CPU
		{D8FEC406-2C11-4795-BDB7-F4DF67BC5BEA}.Debug|Any CPU.Build.0 = Debug|Any CPU
		{D8FEC406-2C11-4795-BDB7-F4DF67BC5BEA}.Release|Any CPU.ActiveCfg = Release|Any CPU
		{D8FEC406-2C11-4795-BDB7-F4DF67BC5BEA}.Release|Any CPU.Build.0 = Release|Any CPU
	EndGlobalSection
	GlobalSection(SolutionProperties) = preSolution
		HideSolutionNode = FALSE
	EndGlobalSection
	GlobalSection(ExtensibilityGlobals) = postSolution
		SolutionGuid = {06F3EC5D-997F-4B2F-90E1-7C3B0F2633E6}
	EndGlobalSection
EndGlobal
